
Microsoft Visual Studio Solution File, Format Version 12.00
# Visual Studio Version 16
VisualStudioVersion = 16.0.30413.136
MinimumVisualStudioVersion = 10.0.40219.1
Project("{FAE04EC0-301F-11D3-BF4B-00C04F79EFBC}") = "CodeSandbox.Console", "CodeSandbox.Console\CodeSandbox.Console.csproj", "{7B2FE78A-6D4F-43DE-B8FB-2EF6E742E7A6}"
EndProject
Global
	GlobalSection(SolutionConfigurationPlatforms) = preSolution
		Debug|Any CPU = Debug|Any CPU
		Release|Any CPU = Release|Any CPU
	EndGlobalSection
	GlobalSection(ProjectConfigurationPlatforms) = postSolution
		{7B2FE78A-6D4F-43DE-B8FB-2EF6E742E7A6}.Debug|Any CPU.ActiveCfg = Debug|Any CPU
		{7B2FE78A-6D4F-43DE-B8FB-2EF6E742E7A6}.Debug|Any CPU.Build.0 = Debug|Any CPU
		{7B2FE78A-6D4F-43DE-B8FB-2EF6E742E7A6}.Release|Any CPU.ActiveCfg = Release|Any CPU
		{7B2FE78A-6D4F-43DE-B8FB-2EF6E742E7A6}.Release|Any CPU.Build.0 = Release|Any CPU
	EndGlobalSection
	GlobalSection(SolutionProperties) = preSolution
		HideSolutionNode = FALSE
	EndGlobalSection
	GlobalSection(ExtensibilityGlobals) = postSolution
		SolutionGuid = {C8CC8627-5930-4991-867B-071A7DB2B3ED}
	EndGlobalSection
EndGlobal
